
Microsoft Visual Studio Solution File, Format Version 12.00
# Visual Studio Version 17
VisualStudioVersion = 17.11.35219.272
MinimumVisualStudioVersion = 10.0.40219.1
Project("{9A19103F-16F7-4668-BE54-9A1E7A4F7556}") = "HealthcareAppointment.Models", "HealthcareAppointment.Models\HealthcareAppointment.Models.csproj", "{344DAFD8-E1B9-4569-8F7B-1F7172253754}"
EndProject
Project("{9A19103F-16F7-4668-BE54-9A1E7A4F7556}") = "HealthcareAppointment.Data", "HealthcareAppointment.Data\HealthcareAppointment.Data.csproj", "{25A94503-BB44-4571-AB75-CEB7D2761C06}"
EndProject
Project("{9A19103F-16F7-4668-BE54-9A1E7A4F7556}") = "HealthcareAppointment.Business", "HealthcareAppointment.Business\HealthcareAppointment.Business.csproj", "{A23506AF-B223-40B8-9031-94538E274CA5}"
EndProject
Project("{9A19103F-16F7-4668-BE54-9A1E7A4F7556}") = "HealthcareAppointment.WebAPI", "HealthcareAppointment.WebAPI\HealthcareAppointment.WebAPI.csproj", "{64454823-4718-49EE-A09B-6A0B32577851}"
EndProject
Project("{FAE04EC0-301F-11D3-BF4B-00C04F79EFBC}") = "HealthcareAppointment.Test", "HealthcareAppointment.Test\HealthcareAppointment.Test.csproj", "{6C799720-7E26-436C-AA7E-2428866FE0F7}"
EndProject
Global
	GlobalSection(SolutionConfigurationPlatforms) = preSolution
		Debug|Any CPU = Debug|Any CPU
		Release|Any CPU = Release|Any CPU
	EndGlobalSection
	GlobalSection(ProjectConfigurationPlatforms) = postSolution
		{344DAFD8-E1B9-4569-8F7B-1F7172253754}.Debug|Any CPU.ActiveCfg = Debug|Any CPU
		{344DAFD8-E1B9-4569-8F7B-1F7172253754}.Debug|Any CPU.Build.0 = Debug|Any CPU
		{344DAFD8-E1B9-4569-8F7B-1F7172253754}.Release|Any CPU.ActiveCfg = Release|Any CPU
		{344DAFD8-E1B9-4569-8F7B-1F7172253754}.Release|Any CPU.Build.0 = Release|Any CPU
		{25A94503-BB44-4571-AB75-CEB7D2761C06}.Debug|Any CPU.ActiveCfg = Debug|Any CPU
		{25A94503-BB44-4571-AB75-CEB7D2761C06}.Debug|Any CPU.Build.0 = Debug|Any CPU
		{25A94503-BB44-4571-AB75-CEB7D2761C06}.Release|Any CPU.ActiveCfg = Release|Any CPU
		{25A94503-BB44-4571-AB75-CEB7D2761C06}.Release|Any CPU.Build.0 = Release|Any CPU
		{A23506AF-B223-40B8-9031-94538E274CA5}.Debug|Any CPU.ActiveCfg = Debug|Any CPU
		{A23506AF-B223-40B8-9031-94538E274CA5}.Debug|Any CPU.Build.0 = Debug|Any CPU
		{A23506AF-B223-40B8-9031-94538E274CA5}.Release|Any CPU.ActiveCfg = Release|Any CPU
		{A23506AF-B223-40B8-9031-94538E274CA5}.Release|Any CPU.Build.0 = Release|Any CPU
		{64454823-4718-49EE-A09B-6A0B32577851}.Debug|Any CPU.ActiveCfg = Debug|Any CPU
		{64454823-4718-49EE-A09B-6A0B32577851}.Debug|Any CPU.Build.0 = Debug|Any CPU
		{64454823-4718-49EE-A09B-6A0B32577851}.Release|Any CPU.ActiveCfg = Release|Any CPU
		{64454823-4718-49EE-A09B-6A0B32577851}.Release|Any CPU.Build.0 = Release|Any CPU
		{6C799720-7E26-436C-AA7E-2428866FE0F7}.Debug|Any CPU.ActiveCfg = Debug|Any CPU
		{6C799720-7E26-436C-AA7E-2428866FE0F7}.Debug|Any CPU.Build.0 = Debug|Any CPU
		{6C799720-7E26-436C-AA7E-2428866FE0F7}.Release|Any CPU.ActiveCfg = Release|Any CPU
		{6C799720-7E26-436C-AA7E-2428866FE0F7}.Release|Any CPU.Build.0 = Release|Any CPU
	EndGlobalSection
	GlobalSection(SolutionProperties) = preSolution
		HideSolutionNode = FALSE
	EndGlobalSection
	GlobalSection(ExtensibilityGlobals) = postSolution
		SolutionGuid = {2A17B811-0786-4AC9-9B22-AE888DA90A31}
	EndGlobalSection
EndGlobal
